
Microsoft Visual Studio Solution File, Format Version 12.00
# Visual Studio Version 17
VisualStudioVersion = 17.2.32630.192
MinimumVisualStudioVersion = 10.0.40219.1
Project("{FAE04EC0-301F-11D3-BF4B-00C04F79EFBC}") = "OppDemo1", "OppDemo1\OppDemo1.csproj", "{91CC7F60-B7A6-4F75-9A30-6216528A6D68}"
EndProject
Global
	GlobalSection(SolutionConfigurationPlatforms) = preSolution
		Debug|Any CPU = Debug|Any CPU
		Release|Any CPU = Release|Any CPU
	EndGlobalSection
	GlobalSection(ProjectConfigurationPlatforms) = postSolution
		{91CC7F60-B7A6-4F75-9A30-6216528A6D68}.Debug|Any CPU.ActiveCfg = Debug|Any CPU
		{91CC7F60-B7A6-4F75-9A30-6216528A6D68}.Debug|Any CPU.Build.0 = Debug|Any CPU
		{91CC7F60-B7A6-4F75-9A30-6216528A6D68}.Release|Any CPU.ActiveCfg = Release|Any CPU
		{91CC7F60-B7A6-4F75-9A30-6216528A6D68}.Release|Any CPU.Build.0 = Release|Any CPU
	EndGlobalSection
	GlobalSection(SolutionProperties) = preSolution
		HideSolutionNode = FALSE
	EndGlobalSection
	GlobalSection(ExtensibilityGlobals) = postSolution
		SolutionGuid = {B1C66D06-7742-4AF1-B4C6-EA2E5E002C23}
	EndGlobalSection
EndGlobal
